
Microsoft Visual Studio Solution File, Format Version 12.00
# Visual Studio Version 17
VisualStudioVersion = 17.10.35122.118
MinimumVisualStudioVersion = 10.0.40219.1
Project("{FAE04EC0-301F-11D3-BF4B-00C04F79EFBC}") = "webAuthentication", "webAuthentication.csproj", "{8EAF4C64-41CB-4C7B-80DC-36DA3C60C2AE}"
EndProject
Global
	GlobalSection(SolutionConfigurationPlatforms) = preSolution
		Debug|Any CPU = Debug|Any CPU
		Release|Any CPU = Release|Any CPU
	EndGlobalSection
	GlobalSection(ProjectConfigurationPlatforms) = postSolution
		{8EAF4C64-41CB-4C7B-80DC-36DA3C60C2AE}.Debug|Any CPU.ActiveCfg = Debug|Any CPU
		{8EAF4C64-41CB-4C7B-80DC-36DA3C60C2AE}.Debug|Any CPU.Build.0 = Debug|Any CPU
		{8EAF4C64-41CB-4C7B-80DC-36DA3C60C2AE}.Release|Any CPU.ActiveCfg = Release|Any CPU
		{8EAF4C64-41CB-4C7B-80DC-36DA3C60C2AE}.Release|Any CPU.Build.0 = Release|Any CPU
	EndGlobalSection
	GlobalSection(SolutionProperties) = preSolution
		HideSolutionNode = FALSE
	EndGlobalSection
	GlobalSection(ExtensibilityGlobals) = postSolution
		SolutionGuid = {10A5811D-7E09-4E06-9A63-E8C69B7667EF}
	EndGlobalSection
EndGlobal
